
Microsoft Visual Studio Solution File, Format Version 12.00
# Visual Studio 15
VisualStudioVersion = 15.0.28010.2050
MinimumVisualStudioVersion = 10.0.40219.1
Project("{2150E333-8FDC-42A3-9474-1A3956D46DE8}") = "Data", "Data", "{F4B80496-8F53-4979-BA46-1910F89F7412}"
EndProject
Project("{2150E333-8FDC-42A3-9474-1A3956D46DE8}") = "Presentation", "Presentation", "{108FD4D3-1F31-4A01-A485-A49CC7409A37}"
EndProject
Project("{2150E333-8FDC-42A3-9474-1A3956D46DE8}") = "Bussiness", "Bussiness", "{37D1F7E1-B4A7-43B0-B304-D7BEE151D536}"
EndProject
Project("{2150E333-8FDC-42A3-9474-1A3956D46DE8}") = "Tests", "Tests", "{13C6E1F6-E12F-4D94-8412-C7112E70A891}"
EndProject
Project("{9A19103F-16F7-4668-BE54-9A1E7A4F7556}") = "WebCasino.Web", "WebCasino.Web\WebCasino.Web.csproj", "{E7BD5C32-C848-4CB4-B76B-46CF032150BC}"
EndProject
Project("{9A19103F-16F7-4668-BE54-9A1E7A4F7556}") = "WebCasino.DataContext", "WebCasino.DataContext\WebCasino.DataContext.csproj", "{0D867A44-705B-476E-B899-0510E59A961E}"
EndProject
Project("{9A19103F-16F7-4668-BE54-9A1E7A4F7556}") = "WebCasino.Entities", "WebCasino.Entities\WebCasino.Entities.csproj", "{9B8B4178-55CF-4C22-81D2-0DE0FE0C3101}"
EndProject
Project("{9A19103F-16F7-4668-BE54-9A1E7A4F7556}") = "WebCasino.Service", "WebCasino.Service\WebCasino.Service.csproj", "{632EE077-4722-45F7-8031-40B8669F603E}"
EndProject
Project("{9A19103F-16F7-4668-BE54-9A1E7A4F7556}") = "WebCasino.ServiceTests", "WebCasino.ServiceTests\WebCasino.ServiceTests.csproj", "{05BC315A-6363-4896-8422-8D6E472B578C}"
EndProject
Project("{9A19103F-16F7-4668-BE54-9A1E7A4F7556}") = "WebCasino.ControllerTests", "WebCasino.ControllerTests\WebCasino.ControllerTests.csproj", "{F59F3409-5A09-40BB-9CA5-48D30FCC3001}"
EndProject
Global
	GlobalSection(SolutionConfigurationPlatforms) = preSolution
		Debug|Any CPU = Debug|Any CPU
		Release|Any CPU = Release|Any CPU
	EndGlobalSection
	GlobalSection(ProjectConfigurationPlatforms) = postSolution
		{E7BD5C32-C848-4CB4-B76B-46CF032150BC}.Debug|Any CPU.ActiveCfg = Debug|Any CPU
		{E7BD5C32-C848-4CB4-B76B-46CF032150BC}.Debug|Any CPU.Build.0 = Debug|Any CPU
		{E7BD5C32-C848-4CB4-B76B-46CF032150BC}.Release|Any CPU.ActiveCfg = Release|Any CPU
		{E7BD5C32-C848-4CB4-B76B-46CF032150BC}.Release|Any CPU.Build.0 = Release|Any CPU
		{0D867A44-705B-476E-B899-0510E59A961E}.Debug|Any CPU.ActiveCfg = Debug|Any CPU
		{0D867A44-705B-476E-B899-0510E59A961E}.Debug|Any CPU.Build.0 = Debug|Any CPU
		{0D867A44-705B-476E-B899-0510E59A961E}.Release|Any CPU.ActiveCfg = Release|Any CPU
		{0D867A44-705B-476E-B899-0510E59A961E}.Release|Any CPU.Build.0 = Release|Any CPU
		{9B8B4178-55CF-4C22-81D2-0DE0FE0C3101}.Debug|Any CPU.ActiveCfg = Debug|Any CPU
		{9B8B4178-55CF-4C22-81D2-0DE0FE0C3101}.Debug|Any CPU.Build.0 = Debug|Any CPU
		{9B8B4178-55CF-4C22-81D2-0DE0FE0C3101}.Release|Any CPU.ActiveCfg = Release|Any CPU
		{9B8B4178-55CF-4C22-81D2-0DE0FE0C3101}.Release|Any CPU.Build.0 = Release|Any CPU
		{632EE077-4722-45F7-8031-40B8669F603E}.Debug|Any CPU.ActiveCfg = Debug|Any CPU
		{632EE077-4722-45F7-8031-40B8669F603E}.Debug|Any CPU.Build.0 = Debug|Any CPU
		{632EE077-4722-45F7-8031-40B8669F603E}.Release|Any CPU.ActiveCfg = Release|Any CPU
		{632EE077-4722-45F7-8031-40B8669F603E}.Release|Any CPU.Build.0 = Release|Any CPU
		{05BC315A-6363-4896-8422-8D6E472B578C}.Debug|Any CPU.ActiveCfg = Debug|Any CPU
		{05BC315A-6363-4896-8422-8D6E472B578C}.Debug|Any CPU.Build.0 = Debug|Any CPU
		{05BC315A-6363-4896-8422-8D6E472B578C}.Release|Any CPU.ActiveCfg = Release|Any CPU
		{05BC315A-6363-4896-8422-8D6E472B578C}.Release|Any CPU.Build.0 = Release|Any CPU
		{F59F3409-5A09-40BB-9CA5-48D30FCC3001}.Debug|Any CPU.ActiveCfg = Debug|Any CPU
		{F59F3409-5A09-40BB-9CA5-48D30FCC3001}.Debug|Any CPU.Build.0 = Debug|Any CPU
		{F59F3409-5A09-40BB-9CA5-48D30FCC3001}.Release|Any CPU.ActiveCfg = Release|Any CPU
		{F59F3409-5A09-40BB-9CA5-48D30FCC3001}.Release|Any CPU.Build.0 = Release|Any CPU
	EndGlobalSection
	GlobalSection(SolutionProperties) = preSolution
		HideSolutionNode = FALSE
	EndGlobalSection
	GlobalSection(NestedProjects) = preSolution
		{E7BD5C32-C848-4CB4-B76B-46CF032150BC} = {108FD4D3-1F31-4A01-A485-A49CC7409A37}
		{0D867A44-705B-476E-B899-0510E59A961E} = {F4B80496-8F53-4979-BA46-1910F89F7412}
		{9B8B4178-55CF-4C22-81D2-0DE0FE0C3101} = {F4B80496-8F53-4979-BA46-1910F89F7412}
		{632EE077-4722-45F7-8031-40B8669F603E} = {37D1F7E1-B4A7-43B0-B304-D7BEE151D536}
		{05BC315A-6363-4896-8422-8D6E472B578C} = {13C6E1F6-E12F-4D94-8412-C7112E70A891}
		{F59F3409-5A09-40BB-9CA5-48D30FCC3001} = {13C6E1F6-E12F-4D94-8412-C7112E70A891}
	EndGlobalSection
	GlobalSection(ExtensibilityGlobals) = postSolution
		SolutionGuid = {00B69259-B5AA-4694-BC0B-819FEB2EFCC0}
	EndGlobalSection
EndGlobal
