{
  "requires": true,
  "lockfileVersion": 1,
  "dependencies": {
    "offside-js": {
      "version": "1.4.0",
      "resolved": "https://registry.npmjs.org/offside-js/-/offside-js-1.4.0.tgz",
      "integrity": "sha512-1Kap949+bPENx4Jxxw+ww4QqacoxDOhQZsM9PFQDLbl/JxeMKzpZ0FUJ830TstpTHFi4IDp0XDh3fxO6TeFvvw=="
    }
  }
}
